<?xml version="1.0" encoding="utf-8"?>
<Project ToolsVersion="17.0" xmlns="http://schemas.microsoft.com/developer/msbuild/2003">
  <ItemGroup>
    <CustomBuild Include="C:\Users\RIMLab\Desktop\RipaniGraziano\IOU\IOU-master\build\CMakeFiles\010f31c04741788c00779029af0d1040\generate.stamp.rule">
      <Filter>CMake Rules</Filter>
    </CustomBuild>
  </ItemGroup>
  <ItemGroup>
    <Filter Include="CMake Rules">
      <UniqueIdentifier>{558FE624-C513-371A-A3BF-3C17D6A8BC10}</UniqueIdentifier>
    </Filter>
  </ItemGroup>
</Project>
